// !$*UTF8*$!
{
	archiveVersion = 1;
	classes = {
	};
	objectVersion = 56;
	objects = {

/* Begin PBXBuildFile section */
		1136E9EC29B3B0C4002CDA06 /* EqualWidthHStack.swift in Sources */ = {isa = PBXBuildFile; fileRef = 1136E9EB29B3B0C4002CDA06 /* EqualWidthHStack.swift */; };
		1136E9EE29B3B0DE002CDA06 /* RadialLayout.swift in Sources */ = {isa = PBXBuildFile; fileRef = 1136E9ED29B3B0DE002CDA06 /* RadialLayout.swift */; };
		1136E9F029B3B102002CDA06 /* RadialView.swift in Sources */ = {isa = PBXBuildFile; fileRef = 1136E9EF29B3B102002CDA06 /* RadialView.swift */; };
		1136E9F229B3B14B002CDA06 /* EqualWidthHStackView.swift in Sources */ = {isa = PBXBuildFile; fileRef = 1136E9F129B3B14B002CDA06 /* EqualWidthHStackView.swift */; };
		1136E9F429B3B448002CDA06 /* RelativeHStack.swift in Sources */ = {isa = PBXBuildFile; fileRef = 1136E9F329B3B448002CDA06 /* RelativeHStack.swift */; };
		118A6AAD29B2A88B00953D34 /* Adaptive_LayoutsApp.swift in Sources */ = {isa = PBXBuildFile; fileRef = 118A6AAC29B2A88B00953D34 /* Adaptive_LayoutsApp.swift */; };
		118A6AAF29B2A88B00953D34 /* ContentView.swift in Sources */ = {isa = PBXBuildFile; fileRef = 118A6AAE29B2A88B00953D34 /* ContentView.swift */; };
		118A6AB129B2A88D00953D34 /* Assets.xcassets in Resources */ = {isa = PBXBuildFile; fileRef = 118A6AB029B2A88D00953D34 /* Assets.xcassets */; };
		118A6AB429B2A88D00953D34 /* Preview Assets.xcassets in Resources */ = {isa = PBXBuildFile; fileRef = 118A6AB329B2A88D00953D34 /* Preview Assets.xcassets */; };
		118A6ABB29B2A9C000953D34 /* ExampleView.swift in Sources */ = {isa = PBXBuildFile; fileRef = 118A6ABA29B2A9C000953D34 /* ExampleView.swift */; };
/* End PBXBuildFile section */

/* Begin PBXFileReference section */
		1136E9EB29B3B0C4002CDA06 /* EqualWidthHStack.swift */ = {isa = PBXFileReference; lastKnownFileType = sourcecode.swift; path = EqualWidthHStack.swift; sourceTree = "<group>"; };
		1136E9ED29B3B0DE002CDA06 /* RadialLayout.swift */ = {isa = PBXFileReference; lastKnownFileType = sourcecode.swift; path = RadialLayout.swift; sourceTree = "<group>"; };
		1136E9EF29B3B102002CDA06 /* RadialView.swift */ = {isa = PBXFileReference; lastKnownFileType = sourcecode.swift; path = RadialView.swift; sourceTree = "<group>"; };
		1136E9F129B3B14B002CDA06 /* EqualWidthHStackView.swift */ = {isa = PBXFileReference; lastKnownFileType = sourcecode.swift; path = EqualWidthHStackView.swift; sourceTree = "<group>"; };
		1136E9F329B3B448002CDA06 /* RelativeHStack.swift */ = {isa = PBXFileReference; lastKnownFileType = sourcecode.swift; path = RelativeHStack.swift; sourceTree = "<group>"; };
		118A6AA929B2A88B00953D34 /* Adaptive Layouts.app */ = {isa = PBXFileReference; explicitFileType = wrapper.application; includeInIndex = 0; path = "Adaptive Layouts.app"; sourceTree = BUILT_PRODUCTS_DIR; };
		118A6AAC29B2A88B00953D34 /* Adaptive_LayoutsApp.swift */ = {isa = PBXFileReference; lastKnownFileType = sourcecode.swift; path = Adaptive_LayoutsApp.swift; sourceTree = "<group>"; };
		118A6AAE29B2A88B00953D34 /* ContentView.swift */ = {isa = PBXFileReference; lastKnownFileType = sourcecode.swift; path = ContentView.swift; sourceTree = "<group>"; };
		118A6AB029B2A88D00953D34 /* Assets.xcassets */ = {isa = PBXFileReference; lastKnownFileType = folder.assetcatalog; path = Assets.xcassets; sourceTree = "<group>"; };
		118A6AB329B2A88D00953D34 /* Preview Assets.xcassets */ = {isa = PBXFileReference; lastKnownFileType = folder.assetcatalog; path = "Preview Assets.xcassets"; sourceTree = "<group>"; };
		118A6ABA29B2A9C000953D34 /* ExampleView.swift */ = {isa = PBXFileReference; lastKnownFileType = sourcecode.swift; path = ExampleView.swift; sourceTree = "<group>"; };
/* End PBXFileReference section */

/* Begin PBXFrameworksBuildPhase section */
		118A6AA629B2A88B00953D34 /* Frameworks */ = {
			isa = PBXFrameworksBuildPhase;
			buildActionMask = 2147483647;
			files = (
			);
			runOnlyForDeploymentPostprocessing = 0;
		};
/* End PBXFrameworksBuildPhase section */

/* Begin PBXGroup section */
		118A6AA029B2A88B00953D34 = {
			isa = PBXGroup;
			children = (
				118A6AAB29B2A88B00953D34 /* Adaptive Layouts */,
				118A6AAA29B2A88B00953D34 /* Products */,
			);
			sourceTree = "<group>";
		};
		118A6AAA29B2A88B00953D34 /* Products */ = {
			isa = PBXGroup;
			children = (
				118A6AA929B2A88B00953D34 /* Adaptive Layouts.app */,
			);
			name = Products;
			sourceTree = "<group>";
		};
		118A6AAB29B2A88B00953D34 /* Adaptive Layouts */ = {
			isa = PBXGroup;
			children = (
				118A6AAC29B2A88B00953D34 /* Adaptive_LayoutsApp.swift */,
				1136E9ED29B3B0DE002CDA06 /* RadialLayout.swift */,
				118A6AAE29B2A88B00953D34 /* ContentView.swift */,
				1136E9EF29B3B102002CDA06 /* RadialView.swift */,
				118A6AB029B2A88D00953D34 /* Assets.xcassets */,
				118A6AB229B2A88D00953D34 /* Preview Content */,
				118A6ABA29B2A9C000953D34 /* ExampleView.swift */,
				1136E9EB29B3B0C4002CDA06 /* EqualWidthHStack.swift */,
				1136E9F129B3B14B002CDA06 /* EqualWidthHStackView.swift */,
				1136E9F329B3B448002CDA06 /* RelativeHStack.swift */,
			);
			path = "Adaptive Layouts";
			sourceTree = "<group>";
		};
		118A6AB229B2A88D00953D34 /* Preview Content */ = {
			isa = PBXGroup;
			children = (
				118A6AB329B2A88D00953D34 /* Preview Assets.xcassets */,
			);
			path = "Preview Content";
			sourceTree = "<group>";
		};
/* End PBXGroup section */

/* Begin PBXNativeTarget section */
		118A6AA829B2A88B00953D34 /* Adaptive Layouts */ = {
			isa = PBXNativeTarget;
			buildConfigurationList = 118A6AB729B2A88D00953D34 /* Build configuration list for PBXNativeTarget "Adaptive Layouts" */;
			buildPhases = (
				118A6AA529B2A88B00953D34 /* Sources */,
				118A6AA629B2A88B00953D34 /* Frameworks */,
				118A6AA729B2A88B00953D34 /* Resources */,
			);
			buildRules = (
			);
			dependencies = (
			);
			name = "Adaptive Layouts";
			productName = "Adaptive Layouts";
			productReference = 118A6AA929B2A88B00953D34 /* Adaptive Layouts.app */;
			productType = "com.apple.product-type.application";
		};
/* End PBXNativeTarget section */

/* Begin PBXProject section */
		118A6AA129B2A88B00953D34 /* Project object */ = {
			isa = PBXProject;
			attributes = {
				BuildIndependentTargetsInParallel = 1;
				LastSwiftUpdateCheck = 1420;
				LastUpgradeCheck = 1420;
				TargetAttributes = {
					118A6AA829B2A88B00953D34 = {
						CreatedOnToolsVersion = 14.2;
					};
				};
			};
			buildConfigurationList = 118A6AA429B2A88B00953D34 /* Build configuration list for PBXProject "Adaptive Layouts" */;
			compatibilityVersion = "Xcode 14.0";
			developmentRegion = en;
			hasScannedForEncodings = 0;
			knownRegions = (
				en,
				Base,
			);
			mainGroup = 118A6AA029B2A88B00953D34;
			productRefGroup = 118A6AAA29B2A88B00953D34 /* Products */;
			projectDirPath = "";
			projectRoot = "";
			targets = (
				118A6AA829B2A88B00953D34 /* Adaptive Layouts */,
			);
		};
/* End PBXProject section */

/* Begin PBXResourcesBuildPhase section */
		118A6AA729B2A88B00953D34 /* Resources */ = {
			isa = PBXResourcesBuildPhase;
			buildActionMask = 2147483647;
			files = (
				118A6AB429B2A88D00953D34 /* Preview Assets.xcassets in Resources */,
				118A6AB129B2A88D00953D34 /* Assets.xcassets in Resources */,
			);
			runOnlyForDeploymentPostprocessing = 0;
		};
/* End PBXResourcesBuildPhase section */

/* Begin PBXSourcesBuildPhase section */
		118A6AA529B2A88B00953D34 /* Sources */ = {
			isa = PBXSourcesBuildPhase;
			buildActionMask = 2147483647;
			files = (
				118A6AAF29B2A88B00953D34 /* ContentView.swift in Sources */,
				1136E9F429B3B448002CDA06 /* RelativeHStack.swift in Sources */,
				118A6AAD29B2A88B00953D34 /* Adaptive_LayoutsApp.swift in Sources */,
				1136E9F229B3B14B002CDA06 /* EqualWidthHStackView.swift in Sources */,
				1136E9EE29B3B0DE002CDA06 /* RadialLayout.swift in Sources */,
				118A6ABB29B2A9C000953D34 /* ExampleView.swift in Sources */,
				1136E9EC29B3B0C4002CDA06 /* EqualWidthHStack.swift in Sources */,
				1136E9F029B3B102002CDA06 /* RadialView.swift in Sources */,
			);
			runOnlyForDeploymentPostprocessing = 0;
		};
/* End PBXSourcesBuildPhase section */

/* Begin XCBuildConfiguration section */
		118A6AB529B2A88D00953D34 /* Debug */ = {
			isa = XCBuildConfiguration;
			buildSettings = {
				ALWAYS_SEARCH_USER_PATHS = NO;
				CLANG_ANALYZER_NONNULL = YES;
				CLANG_ANALYZER_NUMBER_OBJECT_CONVERSION = YES_AGGRESSIVE;
				CLANG_CXX_LANGUAGE_STANDARD = "gnu++20";
				CLANG_ENABLE_MODULES = YES;
				CLANG_ENABLE_OBJC_ARC = YES;
				CLANG_ENABLE_OBJC_WEAK = YES;
				CLANG_WARN_BLOCK_CAPTURE_AUTORELEASING = YES;
				CLANG_WARN_BOOL_CONVERSION = YES;
				CLANG_WARN_COMMA = YES;
				CLANG_WARN_CONSTANT_CONVERSION = YES;
				CLANG_WARN_DEPRECATED_OBJC_IMPLEMENTATIONS = YES;
				CLANG_WARN_DIRECT_OBJC_ISA_USAGE = YES_ERROR;
				CLANG_WARN_DOCUMENTATION_COMMENTS = YES;
				CLANG_WARN_EMPTY_BODY = YES;
				CLANG_WARN_ENUM_CONVERSION = YES;
				CLANG_WARN_INFINITE_RECURSION = YES;
				CLANG_WARN_INT_CONVERSION = YES;
				CLANG_WARN_NON_LITERAL_NULL_CONVERSION = YES;
				CLANG_WARN_OBJC_IMPLICIT_RETAIN_SELF = YES;
				CLANG_WARN_OBJC_LITERAL_CONVERSION = YES;
				CLANG_WARN_OBJC_ROOT_CLASS = YES_ERROR;
				CLANG_WARN_QUOTED_INCLUDE_IN_FRAMEWORK_HEADER = YES;
				CLANG_WARN_RANGE_LOOP_ANALYSIS = YES;
				CLANG_WARN_STRICT_PROTOTYPES = YES;
				CLANG_WARN_SUSPICIOUS_MOVE = YES;
				CLANG_WARN_UNGUARDED_AVAILABILITY = YES_AGGRESSIVE;
				CLANG_WARN_UNREACHABLE_CODE = YES;
				CLANG_WARN__DUPLICATE_METHOD_MATCH = YES;
				COPY_PHASE_STRIP = NO;
				DEBUG_INFORMATION_FORMAT = dwarf;
				ENABLE_STRICT_OBJC_MSGSEND = YES;
				ENABLE_TESTABILITY = YES;
				GCC_C_LANGUAGE_STANDARD = gnu11;
				GCC_DYNAMIC_NO_PIC = NO;
				GCC_NO_COMMON_BLOCKS = YES;
				GCC_OPTIMIZATION_LEVEL = 0;
				GCC_PREPROCESSOR_DEFINITIONS = (
					"DEBUG=1",
					"$(inherited)",
				);
				GCC_WARN_64_TO_32_BIT_CONVERSION = YES;
				GCC_WARN_ABOUT_RETURN_TYPE = YES_ERROR;
				GCC_WARN_UNDECLARED_SELECTOR = YES;
				GCC_WARN_UNINITIALIZED_AUTOS = YES_AGGRESSIVE;
				GCC_WARN_UNUSED_FUNCTION = YES;
				GCC_WARN_UNUSED_VARIABLE = YES;
				IPHONEOS_DEPLOYMENT_TARGET = 16.2;
				MTL_ENABLE_DEBUG_INFO = INCLUDE_SOURCE;
				MTL_FAST_MATH = YES;
				ONLY_ACTIVE_ARCH = YES;
				SDKROOT = iphoneos;
				SWIFT_ACTIVE_COMPILATION_CONDITIONS = DEBUG;
				SWIFT_OPTIMIZATION_LEVEL = "-Onone";
			};
			name = Debug;
		};
		118A6AB629B2A88D00953D34 /* Release */ = {
			isa = XCBuildConfiguration;
			buildSettings = {
				ALWAYS_SEARCH_USER_PATHS = NO;
				CLANG_ANALYZER_NONNULL = YES;
				CLANG_ANALYZER_NUMBER_OBJECT_CONVERSION = YES_AGGRESSIVE;
				CLANG_CXX_LANGUAGE_STANDARD = "gnu++20";
				CLANG_ENABLE_MODULES = YES;
				CLANG_ENABLE_OBJC_ARC = YES;
				CLANG_ENABLE_OBJC_WEAK = YES;
				CLANG_WARN_BLOCK_CAPTURE_AUTORELEASING = YES;
				CLANG_WARN_BOOL_CONVERSION = YES;
				CLANG_WARN_COMMA = YES;
				CLANG_WARN_CONSTANT_CONVERSION = YES;
				CLANG_WARN_DEPRECATED_OBJC_IMPLEMENTATIONS = YES;
				CLANG_WARN_DIRECT_OBJC_ISA_USAGE = YES_ERROR;
				CLANG_WARN_DOCUMENTATION_COMMENTS = YES;
				CLANG_WARN_EMPTY_BODY = YES;
				CLANG_WARN_ENUM_CONVERSION = YES;
				CLANG_WARN_INFINITE_RECURSION = YES;
				CLANG_WARN_INT_CONVERSION = YES;
				CLANG_WARN_NON_LITERAL_NULL_CONVERSION = YES;
				CLANG_WARN_OBJC_IMPLICIT_RETAIN_SELF = YES;
				CLANG_WARN_OBJC_LITERAL_CONVERSION = YES;
				CLANG_WARN_OBJC_ROOT_CLASS = YES_ERROR;
				CLANG_WARN_QUOTED_INCLUDE_IN_FRAMEWORK_HEADER = YES;
				CLANG_WARN_RANGE_LOOP_ANALYSIS = YES;
				CLANG_WARN_STRICT_PROTOTYPES = YES;
				CLANG_WARN_SUSPICIOUS_MOVE = YES;
				CLANG_WARN_UNGUARDED_AVAILABILITY = YES_AGGRESSIVE;
				CLANG_WARN_UNREACHABLE_CODE = YES;
				CLANG_WARN__DUPLICATE_METHOD_MATCH = YES;
				COPY_PHASE_STRIP = NO;
				DEBUG_INFORMATION_FORMAT = "dwarf-with-dsym";
				ENABLE_NS_ASSERTIONS = NO;
				ENABLE_STRICT_OBJC_MSGSEND = YES;
				GCC_C_LANGUAGE_STANDARD = gnu11;
				GCC_NO_COMMON_BLOCKS = YES;
				GCC_WARN_64_TO_32_BIT_CONVERSION = YES;
				GCC_WARN_ABOUT_RETURN_TYPE = YES_ERROR;
				GCC_WARN_UNDECLARED_SELECTOR = YES;
				GCC_WARN_UNINITIALIZED_AUTOS = YES_AGGRESSIVE;
				GCC_WARN_UNUSED_FUNCTION = YES;
				GCC_WARN_UNUSED_VARIABLE = YES;
				IPHONEOS_DEPLOYMENT_TARGET = 16.2;
				MTL_ENABLE_DEBUG_INFO = NO;
				MTL_FAST_MATH = YES;
				SDKROOT = iphoneos;
				SWIFT_COMPILATION_MODE = wholemodule;
				SWIFT_OPTIMIZATION_LEVEL = "-O";
				VALIDATE_PRODUCT = YES;
			};
			name = Release;
		};
		118A6AB829B2A88D00953D34 /* Debug */ = {
			isa = XCBuildConfiguration;
			buildSettings = {
				ASSETCATALOG_COMPILER_APPICON_NAME = AppIcon;
				ASSETCATALOG_COMPILER_GLOBAL_ACCENT_COLOR_NAME = AccentColor;
				CODE_SIGN_STYLE = Automatic;
				CURRENT_PROJECT_VERSION = 1;
				DEVELOPMENT_ASSET_PATHS = "\"Adaptive Layouts/Preview Content\"";
				DEVELOPMENT_TEAM = 874QFG5XXD;
				ENABLE_PREVIEWS = YES;
				GENERATE_INFOPLIST_FILE = YES;
				INFOPLIST_KEY_UIApplicationSceneManifest_Generation = YES;
				INFOPLIST_KEY_UIApplicationSupportsIndirectInputEvents = YES;
				INFOPLIST_KEY_UILaunchScreen_Generation = YES;
				INFOPLIST_KEY_UISupportedInterfaceOrientations_iPad = "UIInterfaceOrientationPortrait UIInterfaceOrientationPortraitUpsideDown UIInterfaceOrientationLandscapeLeft UIInterfaceOrientationLandscapeRight";
				INFOPLIST_KEY_UISupportedInterfaceOrientations_iPhone = "UIInterfaceOrientationPortrait UIInterfaceOrientationLandscapeLeft UIInterfaceOrientationLandscapeRight";
				LD_RUNPATH_SEARCH_PATHS = (
					"$(inherited)",
					"@executable_path/Frameworks",
				);
				MARKETING_VERSION = 1.0;
				PRODUCT_BUNDLE_IDENTIFIER = "ua.smr.Adaptive-Layouts";
				PRODUCT_NAME = "$(TARGET_NAME)";
				SWIFT_EMIT_LOC_STRINGS = YES;
				SWIFT_VERSION = 5.0;
				TARGETED_DEVICE_FAMILY = "1,2";
			};
			name = Debug;
		};
		118A6AB929B2A88D00953D34 /* Release */ = {
			isa = XCBuildConfiguration;
			buildSettings = {
				ASSETCATALOG_COMPILER_APPICON_NAME = AppIcon;
				ASSETCATALOG_COMPILER_GLOBAL_ACCENT_COLOR_NAME = AccentColor;
				CODE_SIGN_STYLE = Automatic;
				CURRENT_PROJECT_VERSION = 1;
				DEVELOPMENT_ASSET_PATHS = "\"Adaptive Layouts/Preview Content\"";
				DEVELOPMENT_TEAM = 874QFG5XXD;
				ENABLE_PREVIEWS = YES;
				GENERATE_INFOPLIST_FILE = YES;
				INFOPLIST_KEY_UIApplicationSceneManifest_Generation = YES;
				INFOPLIST_KEY_UIApplicationSupportsIndirectInputEvents = YES;
				INFOPLIST_KEY_UILaunchScreen_Generation = YES;
				INFOPLIST_KEY_UISupportedInterfaceOrientations_iPad = "UIInterfaceOrientationPortrait UIInterfaceOrientationPortraitUpsideDown UIInterfaceOrientationLandscapeLeft UIInterfaceOrientationLandscapeRight";
				INFOPLIST_KEY_UISupportedInterfaceOrientations_iPhone = "UIInterfaceOrientationPortrait UIInterfaceOrientationLandscapeLeft UIInterfaceOrientationLandscapeRight";
				LD_RUNPATH_SEARCH_PATHS = (
					"$(inherited)",
					"@executable_path/Frameworks",
				);
				MARKETING_VERSION = 1.0;
				PRODUCT_BUNDLE_IDENTIFIER = "ua.smr.Adaptive-Layouts";
				PRODUCT_NAME = "$(TARGET_NAME)";
				SWIFT_EMIT_LOC_STRINGS = YES;
				SWIFT_VERSION = 5.0;
				TARGETED_DEVICE_FAMILY = "1,2";
			};
			name = Release;
		};
/* End XCBuildConfiguration section */

/* Begin XCConfigurationList section */
		118A6AA429B2A88B00953D34 /* Build configuration list for PBXProject "Adaptive Layouts" */ = {
			isa = XCConfigurationList;
			buildConfigurations = (
				118A6AB529B2A88D00953D34 /* Debug */,
				118A6AB629B2A88D00953D34 /* Release */,
			);
			defaultConfigurationIsVisible = 0;
			defaultConfigurationName = Release;
		};
		118A6AB729B2A88D00953D34 /* Build configuration list for PBXNativeTarget "Adaptive Layouts" */ = {
			isa = XCConfigurationList;
			buildConfigurations = (
				118A6AB829B2A88D00953D34 /* Debug */,
				118A6AB929B2A88D00953D34 /* Release */,
			);
			defaultConfigurationIsVisible = 0;
			defaultConfigurationName = Release;
		};
/* End XCConfigurationList section */
	};
	rootObject = 118A6AA129B2A88B00953D34 /* Project object */;
}
